
Microsoft Visual Studio Solution File, Format Version 12.00
# Visual Studio Version 16
VisualStudioVersion = 16.0.808.3
MinimumVisualStudioVersion = 10.0.40219.1
Project("{FAE04EC0-301F-11D3-BF4B-00C04F79EFBC}") = "AspCoreCRUD", "AspCoreCRUD\AspCoreCRUD.csproj", "{7BA08FA2-A47F-40A0-ACE1-799E33A9E8D3}"
EndProject
Global
	GlobalSection(SolutionConfigurationPlatforms) = preSolution
		Debug|Any CPU = Debug|Any CPU
		Release|Any CPU = Release|Any CPU
	EndGlobalSection
	GlobalSection(ProjectConfigurationPlatforms) = postSolution
		{7BA08FA2-A47F-40A0-ACE1-799E33A9E8D3}.Debug|Any CPU.ActiveCfg = Debug|Any CPU
		{7BA08FA2-A47F-40A0-ACE1-799E33A9E8D3}.Debug|Any CPU.Build.0 = Debug|Any CPU
		{7BA08FA2-A47F-40A0-ACE1-799E33A9E8D3}.Release|Any CPU.ActiveCfg = Release|Any CPU
		{7BA08FA2-A47F-40A0-ACE1-799E33A9E8D3}.Release|Any CPU.Build.0 = Release|Any CPU
	EndGlobalSection
	GlobalSection(SolutionProperties) = preSolution
		HideSolutionNode = FALSE
	EndGlobalSection
	GlobalSection(ExtensibilityGlobals) = postSolution
		SolutionGuid = {8129B41C-3A9A-4BF6-B20A-82E5B5FD4558}
	EndGlobalSection
EndGlobal
